// !$*UTF8*$!
{
	archiveVersion = 1;
	classes = {
	};
	objectVersion = 56;
	objects = {

/* Begin PBXBuildFile section */
		943D35772C26ED1800E712EA /* ArticleView.swift in Sources */ = {isa = PBXBuildFile; fileRef = 943D35762C26ED1800E712EA /* ArticleView.swift */; };
		943D35792C26EEB200E712EA /* URLPreview.swift in Sources */ = {isa = PBXBuildFile; fileRef = 943D35782C26EEB200E712EA /* URLPreview.swift */; };
		94A989172C1971DB0084ECBD /* PortfolioProjectApp.swift in Sources */ = {isa = PBXBuildFile; fileRef = 94A989162C1971DB0084ECBD /* PortfolioProjectApp.swift */; };
		94A9891B2C1971DC0084ECBD /* Assets.xcassets in Resources */ = {isa = PBXBuildFile; fileRef = 94A9891A2C1971DC0084ECBD /* Assets.xcassets */; };
		94A9891E2C1971DC0084ECBD /* Preview Assets.xcassets in Resources */ = {isa = PBXBuildFile; fileRef = 94A9891D2C1971DC0084ECBD /* Preview Assets.xcassets */; };
		94A9892D2C1974DB0084ECBD /* RootView.swift in Sources */ = {isa = PBXBuildFile; fileRef = 94A9892C2C1974DB0084ECBD /* RootView.swift */; };
		94A989312C1988510084ECBD /* WorkHistoryRow.swift in Sources */ = {isa = PBXBuildFile; fileRef = 94A989302C1988510084ECBD /* WorkHistoryRow.swift */; };
		94A989332C1992090084ECBD /* WorkHistoryHeader.swift in Sources */ = {isa = PBXBuildFile; fileRef = 94A989322C1992090084ECBD /* WorkHistoryHeader.swift */; };
		94A989372C1995A50084ECBD /* WorkHistoryView.swift in Sources */ = {isa = PBXBuildFile; fileRef = 94A989362C1995A50084ECBD /* WorkHistoryView.swift */; };
		94A989392C1997AA0084ECBD /* WorkExperienceItem.swift in Sources */ = {isa = PBXBuildFile; fileRef = 94A989382C1997AA0084ECBD /* WorkExperienceItem.swift */; };
		94A9893D2C19A4A20084ECBD /* HomeView.swift in Sources */ = {isa = PBXBuildFile; fileRef = 94A9893C2C19A4A20084ECBD /* HomeView.swift */; };
		94A9893F2C19A8C50084ECBD /* WorkHistorySlider.swift in Sources */ = {isa = PBXBuildFile; fileRef = 94A9893E2C19A8C50084ECBD /* WorkHistorySlider.swift */; };
/* End PBXBuildFile section */

/* Begin PBXFileReference section */
		943D35762C26ED1800E712EA /* ArticleView.swift */ = {isa = PBXFileReference; lastKnownFileType = sourcecode.swift; path = ArticleView.swift; sourceTree = "<group>"; };
		943D35782C26EEB200E712EA /* URLPreview.swift */ = {isa = PBXFileReference; lastKnownFileType = sourcecode.swift; path = URLPreview.swift; sourceTree = "<group>"; };
		94A989132C1971DB0084ECBD /* PortfolioProject.app */ = {isa = PBXFileReference; explicitFileType = wrapper.application; includeInIndex = 0; path = PortfolioProject.app; sourceTree = BUILT_PRODUCTS_DIR; };
		94A989162C1971DB0084ECBD /* PortfolioProjectApp.swift */ = {isa = PBXFileReference; lastKnownFileType = sourcecode.swift; path = PortfolioProjectApp.swift; sourceTree = "<group>"; };
		94A9891A2C1971DC0084ECBD /* Assets.xcassets */ = {isa = PBXFileReference; lastKnownFileType = folder.assetcatalog; path = Assets.xcassets; sourceTree = "<group>"; };
		94A9891D2C1971DC0084ECBD /* Preview Assets.xcassets */ = {isa = PBXFileReference; lastKnownFileType = folder.assetcatalog; path = "Preview Assets.xcassets"; sourceTree = "<group>"; };
		94A9892C2C1974DB0084ECBD /* RootView.swift */ = {isa = PBXFileReference; lastKnownFileType = sourcecode.swift; path = RootView.swift; sourceTree = "<group>"; };
		94A989302C1988510084ECBD /* WorkHistoryRow.swift */ = {isa = PBXFileReference; lastKnownFileType = sourcecode.swift; path = WorkHistoryRow.swift; sourceTree = "<group>"; };
		94A989322C1992090084ECBD /* WorkHistoryHeader.swift */ = {isa = PBXFileReference; lastKnownFileType = sourcecode.swift; path = WorkHistoryHeader.swift; sourceTree = "<group>"; };
		94A989362C1995A50084ECBD /* WorkHistoryView.swift */ = {isa = PBXFileReference; lastKnownFileType = sourcecode.swift; path = WorkHistoryView.swift; sourceTree = "<group>"; };
		94A989382C1997AA0084ECBD /* WorkExperienceItem.swift */ = {isa = PBXFileReference; lastKnownFileType = sourcecode.swift; path = WorkExperienceItem.swift; sourceTree = "<group>"; };
		94A9893C2C19A4A20084ECBD /* HomeView.swift */ = {isa = PBXFileReference; lastKnownFileType = sourcecode.swift; path = HomeView.swift; sourceTree = "<group>"; };
		94A9893E2C19A8C50084ECBD /* WorkHistorySlider.swift */ = {isa = PBXFileReference; lastKnownFileType = sourcecode.swift; path = WorkHistorySlider.swift; sourceTree = "<group>"; };
/* End PBXFileReference section */

/* Begin PBXFrameworksBuildPhase section */
		94A989102C1971DB0084ECBD /* Frameworks */ = {
			isa = PBXFrameworksBuildPhase;
			buildActionMask = 2147483647;
			files = (
			);
			runOnlyForDeploymentPostprocessing = 0;
		};
/* End PBXFrameworksBuildPhase section */

/* Begin PBXGroup section */
		943D357A2C26EEB600E712EA /* UIKit */ = {
			isa = PBXGroup;
			children = (
				943D35782C26EEB200E712EA /* URLPreview.swift */,
			);
			path = UIKit;
			sourceTree = "<group>";
		};
		94A9890A2C1971DB0084ECBD = {
			isa = PBXGroup;
			children = (
				94A989152C1971DB0084ECBD /* PortfolioProject */,
				94A989142C1971DB0084ECBD /* Products */,
			);
			sourceTree = "<group>";
		};
		94A989142C1971DB0084ECBD /* Products */ = {
			isa = PBXGroup;
			children = (
				94A989132C1971DB0084ECBD /* PortfolioProject.app */,
			);
			name = Products;
			sourceTree = "<group>";
		};
		94A989152C1971DB0084ECBD /* PortfolioProject */ = {
			isa = PBXGroup;
			children = (
				94A989162C1971DB0084ECBD /* PortfolioProjectApp.swift */,
				943D35762C26ED1800E712EA /* ArticleView.swift */,
				94A9892C2C1974DB0084ECBD /* RootView.swift */,
				94A9893C2C19A4A20084ECBD /* HomeView.swift */,
				943D357A2C26EEB600E712EA /* UIKit */,
				94A9893B2C19A4300084ECBD /* Work History View */,
				94A9893A2C19A3B00084ECBD /* Model */,
				94A9891A2C1971DC0084ECBD /* Assets.xcassets */,
				94A9891C2C1971DC0084ECBD /* Preview Content */,
			);
			path = PortfolioProject;
			sourceTree = "<group>";
		};
		94A9891C2C1971DC0084ECBD /* Preview Content */ = {
			isa = PBXGroup;
			children = (
				94A9891D2C1971DC0084ECBD /* Preview Assets.xcassets */,
			);
			path = "Preview Content";
			sourceTree = "<group>";
		};
		94A9893A2C19A3B00084ECBD /* Model */ = {
			isa = PBXGroup;
			children = (
				94A989382C1997AA0084ECBD /* WorkExperienceItem.swift */,
			);
			path = Model;
			sourceTree = "<group>";
		};
		94A9893B2C19A4300084ECBD /* Work History View */ = {
			isa = PBXGroup;
			children = (
				94A989362C1995A50084ECBD /* WorkHistoryView.swift */,
				94A989302C1988510084ECBD /* WorkHistoryRow.swift */,
				94A989322C1992090084ECBD /* WorkHistoryHeader.swift */,
				94A9893E2C19A8C50084ECBD /* WorkHistorySlider.swift */,
			);
			path = "Work History View";
			sourceTree = "<group>";
		};
/* End PBXGroup section */

/* Begin PBXNativeTarget section */
		94A989122C1971DB0084ECBD /* PortfolioProject */ = {
			isa = PBXNativeTarget;
			buildConfigurationList = 94A989212C1971DC0084ECBD /* Build configuration list for PBXNativeTarget "PortfolioProject" */;
			buildPhases = (
				94A9890F2C1971DB0084ECBD /* Sources */,
				94A989102C1971DB0084ECBD /* Frameworks */,
				94A989112C1971DB0084ECBD /* Resources */,
			);
			buildRules = (
			);
			dependencies = (
			);
			name = PortfolioProject;
			productName = PortfolioProject;
			productReference = 94A989132C1971DB0084ECBD /* PortfolioProject.app */;
			productType = "com.apple.product-type.application";
		};
/* End PBXNativeTarget section */

/* Begin PBXProject section */
		94A9890B2C1971DB0084ECBD /* Project object */ = {
			isa = PBXProject;
			attributes = {
				BuildIndependentTargetsInParallel = 1;
				LastSwiftUpdateCheck = 1540;
				LastUpgradeCheck = 1540;
				TargetAttributes = {
					94A989122C1971DB0084ECBD = {
						CreatedOnToolsVersion = 15.4;
					};
				};
			};
			buildConfigurationList = 94A9890E2C1971DB0084ECBD /* Build configuration list for PBXProject "PortfolioProject" */;
			compatibilityVersion = "Xcode 14.0";
			developmentRegion = en;
			hasScannedForEncodings = 0;
			knownRegions = (
				en,
				Base,
			);
			mainGroup = 94A9890A2C1971DB0084ECBD;
			productRefGroup = 94A989142C1971DB0084ECBD /* Products */;
			projectDirPath = "";
			projectRoot = "";
			targets = (
				94A989122C1971DB0084ECBD /* PortfolioProject */,
			);
		};
/* End PBXProject section */

/* Begin PBXResourcesBuildPhase section */
		94A989112C1971DB0084ECBD /* Resources */ = {
			isa = PBXResourcesBuildPhase;
			buildActionMask = 2147483647;
			files = (
				94A9891E2C1971DC0084ECBD /* Preview Assets.xcassets in Resources */,
				94A9891B2C1971DC0084ECBD /* Assets.xcassets in Resources */,
			);
			runOnlyForDeploymentPostprocessing = 0;
		};
/* End PBXResourcesBuildPhase section */

/* Begin PBXSourcesBuildPhase section */
		94A9890F2C1971DB0084ECBD /* Sources */ = {
			isa = PBXSourcesBuildPhase;
			buildActionMask = 2147483647;
			files = (
				94A989332C1992090084ECBD /* WorkHistoryHeader.swift in Sources */,
				94A9893D2C19A4A20084ECBD /* HomeView.swift in Sources */,
				94A9893F2C19A8C50084ECBD /* WorkHistorySlider.swift in Sources */,
				94A989172C1971DB0084ECBD /* PortfolioProjectApp.swift in Sources */,
				943D35792C26EEB200E712EA /* URLPreview.swift in Sources */,
				94A989372C1995A50084ECBD /* WorkHistoryView.swift in Sources */,
				94A9892D2C1974DB0084ECBD /* RootView.swift in Sources */,
				94A989312C1988510084ECBD /* WorkHistoryRow.swift in Sources */,
				943D35772C26ED1800E712EA /* ArticleView.swift in Sources */,
				94A989392C1997AA0084ECBD /* WorkExperienceItem.swift in Sources */,
			);
			runOnlyForDeploymentPostprocessing = 0;
		};
/* End PBXSourcesBuildPhase section */

/* Begin XCBuildConfiguration section */
		94A9891F2C1971DC0084ECBD /* Debug */ = {
			isa = XCBuildConfiguration;
			buildSettings = {
				ALWAYS_SEARCH_USER_PATHS = NO;
				ASSETCATALOG_COMPILER_GENERATE_SWIFT_ASSET_SYMBOL_EXTENSIONS = YES;
				CLANG_ANALYZER_NONNULL = YES;
				CLANG_ANALYZER_NUMBER_OBJECT_CONVERSION = YES_AGGRESSIVE;
				CLANG_CXX_LANGUAGE_STANDARD = "gnu++20";
				CLANG_ENABLE_MODULES = YES;
				CLANG_ENABLE_OBJC_ARC = YES;
				CLANG_ENABLE_OBJC_WEAK = YES;
				CLANG_WARN_BLOCK_CAPTURE_AUTORELEASING = YES;
				CLANG_WARN_BOOL_CONVERSION = YES;
				CLANG_WARN_COMMA = YES;
				CLANG_WARN_CONSTANT_CONVERSION = YES;
				CLANG_WARN_DEPRECATED_OBJC_IMPLEMENTATIONS = YES;
				CLANG_WARN_DIRECT_OBJC_ISA_USAGE = YES_ERROR;
				CLANG_WARN_DOCUMENTATION_COMMENTS = YES;
				CLANG_WARN_EMPTY_BODY = YES;
				CLANG_WARN_ENUM_CONVERSION = YES;
				CLANG_WARN_INFINITE_RECURSION = YES;
				CLANG_WARN_INT_CONVERSION = YES;
				CLANG_WARN_NON_LITERAL_NULL_CONVERSION = YES;
				CLANG_WARN_OBJC_IMPLICIT_RETAIN_SELF = YES;
				CLANG_WARN_OBJC_LITERAL_CONVERSION = YES;
				CLANG_WARN_OBJC_ROOT_CLASS = YES_ERROR;
				CLANG_WARN_QUOTED_INCLUDE_IN_FRAMEWORK_HEADER = YES;
				CLANG_WARN_RANGE_LOOP_ANALYSIS = YES;
				CLANG_WARN_STRICT_PROTOTYPES = YES;
				CLANG_WARN_SUSPICIOUS_MOVE = YES;
				CLANG_WARN_UNGUARDED_AVAILABILITY = YES_AGGRESSIVE;
				CLANG_WARN_UNREACHABLE_CODE = YES;
				CLANG_WARN__DUPLICATE_METHOD_MATCH = YES;
				COPY_PHASE_STRIP = NO;
				DEBUG_INFORMATION_FORMAT = dwarf;
				ENABLE_STRICT_OBJC_MSGSEND = YES;
				ENABLE_TESTABILITY = YES;
				ENABLE_USER_SCRIPT_SANDBOXING = YES;
				GCC_C_LANGUAGE_STANDARD = gnu17;
				GCC_DYNAMIC_NO_PIC = NO;
				GCC_NO_COMMON_BLOCKS = YES;
				GCC_OPTIMIZATION_LEVEL = 0;
				GCC_PREPROCESSOR_DEFINITIONS = (
					"DEBUG=1",
					"$(inherited)",
				);
				GCC_WARN_64_TO_32_BIT_CONVERSION = YES;
				GCC_WARN_ABOUT_RETURN_TYPE = YES_ERROR;
				GCC_WARN_UNDECLARED_SELECTOR = YES;
				GCC_WARN_UNINITIALIZED_AUTOS = YES_AGGRESSIVE;
				GCC_WARN_UNUSED_FUNCTION = YES;
				GCC_WARN_UNUSED_VARIABLE = YES;
				IPHONEOS_DEPLOYMENT_TARGET = 17.5;
				LOCALIZATION_PREFERS_STRING_CATALOGS = YES;
				MTL_ENABLE_DEBUG_INFO = INCLUDE_SOURCE;
				MTL_FAST_MATH = YES;
				ONLY_ACTIVE_ARCH = YES;
				SDKROOT = iphoneos;
				SWIFT_ACTIVE_COMPILATION_CONDITIONS = "DEBUG $(inherited)";
				SWIFT_OPTIMIZATION_LEVEL = "-Onone";
			};
			name = Debug;
		};
		94A989202C1971DC0084ECBD /* Release */ = {
			isa = XCBuildConfiguration;
			buildSettings = {
				ALWAYS_SEARCH_USER_PATHS = NO;
				ASSETCATALOG_COMPILER_GENERATE_SWIFT_ASSET_SYMBOL_EXTENSIONS = YES;
				CLANG_ANALYZER_NONNULL = YES;
				CLANG_ANALYZER_NUMBER_OBJECT_CONVERSION = YES_AGGRESSIVE;
				CLANG_CXX_LANGUAGE_STANDARD = "gnu++20";
				CLANG_ENABLE_MODULES = YES;
				CLANG_ENABLE_OBJC_ARC = YES;
				CLANG_ENABLE_OBJC_WEAK = YES;
				CLANG_WARN_BLOCK_CAPTURE_AUTORELEASING = YES;
				CLANG_WARN_BOOL_CONVERSION = YES;
				CLANG_WARN_COMMA = YES;
				CLANG_WARN_CONSTANT_CONVERSION = YES;
				CLANG_WARN_DEPRECATED_OBJC_IMPLEMENTATIONS = YES;
				CLANG_WARN_DIRECT_OBJC_ISA_USAGE = YES_ERROR;
				CLANG_WARN_DOCUMENTATION_COMMENTS = YES;
				CLANG_WARN_EMPTY_BODY = YES;
				CLANG_WARN_ENUM_CONVERSION = YES;
				CLANG_WARN_INFINITE_RECURSION = YES;
				CLANG_WARN_INT_CONVERSION = YES;
				CLANG_WARN_NON_LITERAL_NULL_CONVERSION = YES;
				CLANG_WARN_OBJC_IMPLICIT_RETAIN_SELF = YES;
				CLANG_WARN_OBJC_LITERAL_CONVERSION = YES;
				CLANG_WARN_OBJC_ROOT_CLASS = YES_ERROR;
				CLANG_WARN_QUOTED_INCLUDE_IN_FRAMEWORK_HEADER = YES;
				CLANG_WARN_RANGE_LOOP_ANALYSIS = YES;
				CLANG_WARN_STRICT_PROTOTYPES = YES;
				CLANG_WARN_SUSPICIOUS_MOVE = YES;
				CLANG_WARN_UNGUARDED_AVAILABILITY = YES_AGGRESSIVE;
				CLANG_WARN_UNREACHABLE_CODE = YES;
				CLANG_WARN__DUPLICATE_METHOD_MATCH = YES;
				COPY_PHASE_STRIP = NO;
				DEBUG_INFORMATION_FORMAT = "dwarf-with-dsym";
				ENABLE_NS_ASSERTIONS = NO;
				ENABLE_STRICT_OBJC_MSGSEND = YES;
				ENABLE_USER_SCRIPT_SANDBOXING = YES;
				GCC_C_LANGUAGE_STANDARD = gnu17;
				GCC_NO_COMMON_BLOCKS = YES;
				GCC_WARN_64_TO_32_BIT_CONVERSION = YES;
				GCC_WARN_ABOUT_RETURN_TYPE = YES_ERROR;
				GCC_WARN_UNDECLARED_SELECTOR = YES;
				GCC_WARN_UNINITIALIZED_AUTOS = YES_AGGRESSIVE;
				GCC_WARN_UNUSED_FUNCTION = YES;
				GCC_WARN_UNUSED_VARIABLE = YES;
				IPHONEOS_DEPLOYMENT_TARGET = 17.5;
				LOCALIZATION_PREFERS_STRING_CATALOGS = YES;
				MTL_ENABLE_DEBUG_INFO = NO;
				MTL_FAST_MATH = YES;
				SDKROOT = iphoneos;
				SWIFT_COMPILATION_MODE = wholemodule;
				VALIDATE_PRODUCT = YES;
			};
			name = Release;
		};
		94A989222C1971DC0084ECBD /* Debug */ = {
			isa = XCBuildConfiguration;
			buildSettings = {
				ASSETCATALOG_COMPILER_APPICON_NAME = AppIcon;
				ASSETCATALOG_COMPILER_GLOBAL_ACCENT_COLOR_NAME = AccentColor;
				CODE_SIGN_STYLE = Automatic;
				CURRENT_PROJECT_VERSION = 1;
				DEVELOPMENT_ASSET_PATHS = "\"PortfolioProject/Preview Content\"";
				ENABLE_PREVIEWS = YES;
				GENERATE_INFOPLIST_FILE = YES;
				INFOPLIST_KEY_UIApplicationSceneManifest_Generation = YES;
				INFOPLIST_KEY_UIApplicationSupportsIndirectInputEvents = YES;
				INFOPLIST_KEY_UILaunchScreen_Generation = YES;
				INFOPLIST_KEY_UISupportedInterfaceOrientations_iPad = "UIInterfaceOrientationPortrait UIInterfaceOrientationPortraitUpsideDown UIInterfaceOrientationLandscapeLeft UIInterfaceOrientationLandscapeRight";
				INFOPLIST_KEY_UISupportedInterfaceOrientations_iPhone = "UIInterfaceOrientationPortrait UIInterfaceOrientationLandscapeLeft UIInterfaceOrientationLandscapeRight";
				LD_RUNPATH_SEARCH_PATHS = (
					"$(inherited)",
					"@executable_path/Frameworks",
				);
				MARKETING_VERSION = 1.0;
				PRODUCT_BUNDLE_IDENTIFIER = com.tomisin.portfolio.dev.PortfolioProject;
				PRODUCT_NAME = "$(TARGET_NAME)";
				SWIFT_EMIT_LOC_STRINGS = YES;
				SWIFT_VERSION = 5.0;
				TARGETED_DEVICE_FAMILY = "1,2";
			};
			name = Debug;
		};
		94A989232C1971DC0084ECBD /* Release */ = {
			isa = XCBuildConfiguration;
			buildSettings = {
				ASSETCATALOG_COMPILER_APPICON_NAME = AppIcon;
				ASSETCATALOG_COMPILER_GLOBAL_ACCENT_COLOR_NAME = AccentColor;
				CODE_SIGN_STYLE = Automatic;
				CURRENT_PROJECT_VERSION = 1;
				DEVELOPMENT_ASSET_PATHS = "\"PortfolioProject/Preview Content\"";
				ENABLE_PREVIEWS = YES;
				GENERATE_INFOPLIST_FILE = YES;
				INFOPLIST_KEY_UIApplicationSceneManifest_Generation = YES;
				INFOPLIST_KEY_UIApplicationSupportsIndirectInputEvents = YES;
				INFOPLIST_KEY_UILaunchScreen_Generation = YES;
				INFOPLIST_KEY_UISupportedInterfaceOrientations_iPad = "UIInterfaceOrientationPortrait UIInterfaceOrientationPortraitUpsideDown UIInterfaceOrientationLandscapeLeft UIInterfaceOrientationLandscapeRight";
				INFOPLIST_KEY_UISupportedInterfaceOrientations_iPhone = "UIInterfaceOrientationPortrait UIInterfaceOrientationLandscapeLeft UIInterfaceOrientationLandscapeRight";
				LD_RUNPATH_SEARCH_PATHS = (
					"$(inherited)",
					"@executable_path/Frameworks",
				);
				MARKETING_VERSION = 1.0;
				PRODUCT_BUNDLE_IDENTIFIER = com.tomisin.portfolio.dev.PortfolioProject;
				PRODUCT_NAME = "$(TARGET_NAME)";
				SWIFT_EMIT_LOC_STRINGS = YES;
				SWIFT_VERSION = 5.0;
				TARGETED_DEVICE_FAMILY = "1,2";
			};
			name = Release;
		};
/* End XCBuildConfiguration section */

/* Begin XCConfigurationList section */
		94A9890E2C1971DB0084ECBD /* Build configuration list for PBXProject "PortfolioProject" */ = {
			isa = XCConfigurationList;
			buildConfigurations = (
				94A9891F2C1971DC0084ECBD /* Debug */,
				94A989202C1971DC0084ECBD /* Release */,
			);
			defaultConfigurationIsVisible = 0;
			defaultConfigurationName = Release;
		};
		94A989212C1971DC0084ECBD /* Build configuration list for PBXNativeTarget "PortfolioProject" */ = {
			isa = XCConfigurationList;
			buildConfigurations = (
				94A989222C1971DC0084ECBD /* Debug */,
				94A989232C1971DC0084ECBD /* Release */,
			);
			defaultConfigurationIsVisible = 0;
			defaultConfigurationName = Release;
		};
/* End XCConfigurationList section */
	};
	rootObject = 94A9890B2C1971DB0084ECBD /* Project object */;
}
